{
  "name": "ts3-musicbot-node",
  "version": "1.0.0",
  "lockfileVersion": 1,
  "requires": true,
  "dependencies": {
    "@rauschma/stringio": {
      "version": "1.4.0",
      "resolved": "https://registry.npmjs.org/@rauschma/stringio/-/stringio-1.4.0.tgz",
      "integrity": "sha512-3uor2f/MXZkmX5RJf8r+OC3WvZVzpSme0yyL0rQDPEnatE02qRcqwEwnsgpgriEck0S/n4vWtUd6tTtrJwk45Q==",
      "requires": {
        "@types/node": "^10.0.3"
      },
      "dependencies": {
        "@types/node": {
          "version": "10.14.13",
          "resolved": "https://registry.npmjs.org/@types/node/-/node-10.14.13.tgz",
          "integrity": "sha512-yN/FNNW1UYsRR1wwAoyOwqvDuLDtVXnaJTZ898XIw/Q5cCaeVAlVwvsmXLX5PuiScBYwZsZU4JYSHB3TvfdwvQ=="
        }
      }
    },
    "@types/node": {
      "version": "11.13.18",
      "resolved": "https://registry.npmjs.org/@types/node/-/node-11.13.18.tgz",
      "integrity": "sha512-sMHdXLccscaxI+Hlzz58yLQue3lQyXP+6aQniDRi5oju3n0123kcjhicVGF20WF7cHiwJ2vxMbXc4skOclosoA=="
    },
    "node-ts": {
      "version": "5.0.1",
      "resolved": "https://registry.npmjs.org/node-ts/-/node-ts-5.0.1.tgz",
      "integrity": "sha512-+u5t5SIMDg8g1xF7Qj6nVMt61Pl6mgRFGN4Lf8gzuuz/iDcgmn4u4hUw6xtyC0xe1xemcSXD2QoI6OJpYBkuvQ==",
      "requires": {
        "@rauschma/stringio": "^1.4.0",
        "@types/node": "^11.13.6"
      }
    }
  }
}
