{
  "name": "ts3-music-bot",
  "version": "1.0.0",
  "lockfileVersion": 2,
  "requires": true,
  "packages": {
    "": {
      "name": "ts3-music-bot",
      "version": "1.0.0",
      "license": "MIT",
      "dependencies": {
        "@distube/ytdl-core": "^4.13.7",
        "fluent-ffmpeg": "^2.1.2",
        "html-entities": "^1.4.0",
        "node-ts": "^5.1.2",
        "prompt-sync": "^4.2.0",
        "simple-youtube-api": "5.2.1",
        "speaker": "^0.5.3",
        "youtube-ext": "^1.1.6",
        "ytpl": "^2.2.1"
      }
    },
    "node_modules/@distube/ytdl-core": {
      "version": "4.13.7",
      "resolved": "https://registry.npmjs.org/@distube/ytdl-core/-/ytdl-core-4.13.7.tgz",
      "integrity": "sha512-xpovwZVPwQ0R4Mrwt/fhh1rqmBjiZ5qj30ck5kz+mQJ5XPzW9dUiTDz89qCxO3YvgbCAqaC5BNNnWiFC2uCV5Q==",
      "license": "MIT",
      "dependencies": {
        "http-cookie-agent": "^6.0.5",
        "m3u8stream": "^0.8.6",
        "miniget": "^4.2.3",
        "sax": "^1.4.1",
        "tough-cookie": "^4.1.4",
        "undici": "^6.19.2"
      },
      "engines": {
        "node": ">=16"
      },
      "funding": {
        "url": "https://github.com/distubejs/ytdl-core?sponsor"
      }
    },
    "node_modules/@rauschma/stringio": {
      "version": "1.4.0",
      "resolved": "https://registry.npmjs.org/@rauschma/stringio/-/stringio-1.4.0.tgz",
      "integrity": "sha512-3uor2f/MXZkmX5RJf8r+OC3WvZVzpSme0yyL0rQDPEnatE02qRcqwEwnsgpgriEck0S/n4vWtUd6tTtrJwk45Q==",
      "dependencies": {
        "@types/node": "^10.0.3"
      }
    },
    "node_modules/@rauschma/stringio/node_modules/@types/node": {
      "version": "10.17.60",
      "resolved": "https://registry.npmjs.org/@types/node/-/node-10.17.60.tgz",
      "integrity": "sha512-F0KIgDJfy2nA3zMLmWGKxcH2ZVEtCZXHHdOQs2gSaQ27+lNeEfGxzkIw90aXswATX7AZ33tahPbzy6KAfUreVw=="
    },
    "node_modules/@types/node": {
      "version": "16.18.41",
      "resolved": "https://registry.npmjs.org/@types/node/-/node-16.18.41.tgz",
      "integrity": "sha512-YZJjn+Aaw0xihnpdImxI22jqGbp0DCgTFKRycygjGx/Y27NnWFJa5FJ7P+MRT3u07dogEeMVh70pWpbIQollTA=="
    },
    "node_modules/agent-base": {
      "version": "7.1.1",
      "resolved": "https://registry.npmjs.org/agent-base/-/agent-base-7.1.1.tgz",
      "integrity": "sha512-H0TSyFNDMomMNJQBn8wFV5YC/2eJ+VXECwOadZJT554xP6cODZHPX3H9QMQECxvrgiSOP1pHjy1sMWQVYJOUOA==",
      "license": "MIT",
      "dependencies": {
        "debug": "^4.3.4"
      },
      "engines": {
        "node": ">= 14"
      }
    },
    "node_modules/ansi-regex": {
      "version": "4.1.1",
      "resolved": "https://registry.npmjs.org/ansi-regex/-/ansi-regex-4.1.1.tgz",
      "integrity": "sha512-ILlv4k/3f6vfQ4OoP2AGvirOktlQ98ZEL1k9FaQjxa3L1abBgbuTDAdPOpvbGncC0BTVQrl+OM8xZGK6tWXt7g==",
      "engines": {
        "node": ">=6"
      }
    },
    "node_modules/async": {
      "version": "3.2.4",
      "resolved": "https://registry.npmjs.org/async/-/async-3.2.4.tgz",
      "integrity": "sha512-iAB+JbDEGXhyIUavoDl9WP/Jj106Kz9DEn1DPgYw5ruDn0e3Wgi3sKFm55sASdGBNOQB8F59d9qQ7deqrHA8wQ=="
    },
    "node_modules/bindings": {
      "version": "1.5.0",
      "resolved": "https://registry.npmjs.org/bindings/-/bindings-1.5.0.tgz",
      "integrity": "sha512-p2q/t/mhvuOj/UeLlV6566GD/guowlr0hHxClI0W9m7MWYkL1F0hLo+0Aexs9HSPCtR1SXQ0TD3MMKrXZajbiQ==",
      "dependencies": {
        "file-uri-to-path": "1.0.0"
      }
    },
    "node_modules/buffer-alloc": {
      "version": "1.2.0",
      "resolved": "https://registry.npmjs.org/buffer-alloc/-/buffer-alloc-1.2.0.tgz",
      "integrity": "sha512-CFsHQgjtW1UChdXgbyJGtnm+O/uLQeZdtbDo8mfUgYXCHSM1wgrVxXm6bSyrUuErEb+4sYVGCzASBRot7zyrow==",
      "dependencies": {
        "buffer-alloc-unsafe": "^1.1.0",
        "buffer-fill": "^1.0.0"
      }
    },
    "node_modules/buffer-alloc-unsafe": {
      "version": "1.1.0",
      "resolved": "https://registry.npmjs.org/buffer-alloc-unsafe/-/buffer-alloc-unsafe-1.1.0.tgz",
      "integrity": "sha512-TEM2iMIEQdJ2yjPJoSIsldnleVaAk1oW3DBVUykyOLsEsFmEc9kn+SFFPz+gl54KQNxlDnAwCXosOS9Okx2xAg=="
    },
    "node_modules/buffer-fill": {
      "version": "1.0.0",
      "resolved": "https://registry.npmjs.org/buffer-fill/-/buffer-fill-1.0.0.tgz",
      "integrity": "sha512-T7zexNBwiiaCOGDg9xNX9PBmjrubblRkENuptryuI64URkXDFum9il/JGL8Lm8wYfAXpredVXXZz7eMHilimiQ=="
    },
    "node_modules/debug": {
      "version": "4.3.4",
      "resolved": "https://registry.npmjs.org/debug/-/debug-4.3.4.tgz",
      "integrity": "sha512-PRWFHuSU3eDtQJPvnNY7Jcket1j0t5OuOsFzPPzsekD52Zl8qUfFIPEiswXqIvHWGVHOgX+7G/vCNNhehwxfkQ==",
      "dependencies": {
        "ms": "2.1.2"
      },
      "engines": {
        "node": ">=6.0"
      },
      "peerDependenciesMeta": {
        "supports-color": {
          "optional": true
        }
      }
    },
    "node_modules/file-uri-to-path": {
      "version": "1.0.0",
      "resolved": "https://registry.npmjs.org/file-uri-to-path/-/file-uri-to-path-1.0.0.tgz",
      "integrity": "sha512-0Zt+s3L7Vf1biwWZ29aARiVYLx7iMGnEUl9x33fbB/j3jR81u/O2LbqK+Bm1CDSNDKVtJ/YjwY7TUd5SkeLQLw=="
    },
    "node_modules/fluent-ffmpeg": {
      "version": "2.1.2",
      "resolved": "https://registry.npmjs.org/fluent-ffmpeg/-/fluent-ffmpeg-2.1.2.tgz",
      "integrity": "sha512-IZTB4kq5GK0DPp7sGQ0q/BWurGHffRtQQwVkiqDgeO6wYJLLV5ZhgNOQ65loZxxuPMKZKZcICCUnaGtlxBiR0Q==",
      "dependencies": {
        "async": ">=0.2.9",
        "which": "^1.1.1"
      },
      "engines": {
        "node": ">=0.8.0"
      }
    },
    "node_modules/html-entities": {
      "version": "1.4.0",
      "resolved": "https://registry.npmjs.org/html-entities/-/html-entities-1.4.0.tgz",
      "integrity": "sha512-8nxjcBcd8wovbeKx7h3wTji4e6+rhaVuPNpMqwWgnHh+N9ToqsCs6XztWRBPQ+UtzsoMAdKZtUENoVzU/EMtZA=="
    },
    "node_modules/http-cookie-agent": {
      "version": "6.0.5",
      "resolved": "https://registry.npmjs.org/http-cookie-agent/-/http-cookie-agent-6.0.5.tgz",
      "integrity": "sha512-sfZ8fDgDP3B1YB+teqSnAK1aPgBu8reUUGxSsndP2XnYN6cM29EURXWXZqQQiaRdor3B4QjpkUNfv21syaO4DA==",
      "license": "MIT",
      "dependencies": {
        "agent-base": "^7.1.1"
      },
      "engines": {
        "node": ">=18.0.0"
      },
      "funding": {
        "url": "https://github.com/sponsors/3846masa"
      },
      "peerDependencies": {
        "tough-cookie": "^4.0.0",
        "undici": "^5.11.0 || ^6.0.0"
      },
      "peerDependenciesMeta": {
        "undici": {
          "optional": true
        }
      }
    },
    "node_modules/isexe": {
      "version": "2.0.0",
      "resolved": "https://registry.npmjs.org/isexe/-/isexe-2.0.0.tgz",
      "integrity": "sha512-RHxMLp9lnKHGHRng9QFhRCMbYAcVpn69smSGcq3f36xjgVVWThj4qqLbTLlq7Ssj8B+fIQ1EuCEGI2lKsyQeIw=="
    },
    "node_modules/iso8601-duration": {
      "version": "1.3.0",
      "resolved": "https://registry.npmjs.org/iso8601-duration/-/iso8601-duration-1.3.0.tgz",
      "integrity": "sha512-K4CiUBzo3YeWk76FuET/dQPH03WE04R94feo5TSKQCXpoXQt9E4yx2CnY737QZnSAI3PI4WlKo/zfqizGx52QQ=="
    },
    "node_modules/m3u8stream": {
      "version": "0.8.6",
      "resolved": "https://registry.npmjs.org/m3u8stream/-/m3u8stream-0.8.6.tgz",
      "integrity": "sha512-LZj8kIVf9KCphiHmH7sbFQTVe4tOemb202fWwvJwR9W5ENW/1hxJN6ksAWGhQgSBSa3jyWhnjKU1Fw1GaOdbyA==",
      "dependencies": {
        "miniget": "^4.2.2",
        "sax": "^1.2.4"
      },
      "engines": {
        "node": ">=12"
      }
    },
    "node_modules/miniget": {
      "version": "4.2.3",
      "resolved": "https://registry.npmjs.org/miniget/-/miniget-4.2.3.tgz",
      "integrity": "sha512-SjbDPDICJ1zT+ZvQwK0hUcRY4wxlhhNpHL9nJOB2MEAXRGagTljsO8MEDzQMTFf0Q8g4QNi8P9lEm/g7e+qgzA==",
      "engines": {
        "node": ">=12"
      }
    },
    "node_modules/ms": {
      "version": "2.1.2",
      "resolved": "https://registry.npmjs.org/ms/-/ms-2.1.2.tgz",
      "integrity": "sha512-sGkPx+VjMtmA6MX27oA4FBFELFCZZ4S4XqeGOXCv68tT+jb3vk/RyaKWP0PTKyWtmLSM0b+adUTEvbs1PEaH2w=="
    },
    "node_modules/node-fetch": {
      "version": "2.6.13",
      "resolved": "https://registry.npmjs.org/node-fetch/-/node-fetch-2.6.13.tgz",
      "integrity": "sha512-StxNAxh15zr77QvvkmveSQ8uCQ4+v5FkvNTj0OESmiHu+VRi/gXArXtkWMElOsOUNLtUEvI4yS+rdtOHZTwlQA==",
      "dependencies": {
        "whatwg-url": "^5.0.0"
      },
      "engines": {
        "node": "4.x || >=6.0.0"
      },
      "peerDependencies": {
        "encoding": "^0.1.0"
      },
      "peerDependenciesMeta": {
        "encoding": {
          "optional": true
        }
      }
    },
    "node_modules/node-ts": {
      "version": "5.1.2",
      "resolved": "https://registry.npmjs.org/node-ts/-/node-ts-5.1.2.tgz",
      "integrity": "sha512-ihRzS31ZbknFzXFkF4j9R3HJV1cRPTjyYzeRaEFyXv5DhWKGD+QNTJ+My5WiOc0kozEPjwRBsKh+g92hPyTNnQ==",
      "dependencies": {
        "@rauschma/stringio": "^1.4.0",
        "@types/node": "^16.4.13"
      },
      "engines": {
        "node": ">=10.0.0"
      }
    },
    "node_modules/prompt-sync": {
      "version": "4.2.0",
      "resolved": "https://registry.npmjs.org/prompt-sync/-/prompt-sync-4.2.0.tgz",
      "integrity": "sha512-BuEzzc5zptP5LsgV5MZETjDaKSWfchl5U9Luiu8SKp7iZWD5tZalOxvNcZRwv+d2phNFr8xlbxmFNcRKfJOzJw==",
      "dependencies": {
        "strip-ansi": "^5.0.0"
      }
    },
    "node_modules/psl": {
      "version": "1.9.0",
      "resolved": "https://registry.npmjs.org/psl/-/psl-1.9.0.tgz",
      "integrity": "sha512-E/ZsdU4HLs/68gYzgGTkMicWTLPdAftJLfJFlLUAAKZGkStNU72sZjT66SnMDVOfOWY/YAoiD7Jxa9iHvngcag==",
      "license": "MIT"
    },
    "node_modules/punycode": {
      "version": "2.3.1",
      "resolved": "https://registry.npmjs.org/punycode/-/punycode-2.3.1.tgz",
      "integrity": "sha512-vYt7UD1U9Wg6138shLtLOvdAu+8DsC/ilFtEVHcH+wydcSpNE20AfSOduf6MkRFahL5FY7X1oU7nKVZFtfq8Fg==",
      "license": "MIT",
      "engines": {
        "node": ">=6"
      }
    },
    "node_modules/querystringify": {
      "version": "2.2.0",
      "resolved": "https://registry.npmjs.org/querystringify/-/querystringify-2.2.0.tgz",
      "integrity": "sha512-FIqgj2EUvTa7R50u0rGsyTftzjYmv/a3hO345bZNrqabNqjtgiDMgmo4mkUjd+nzU5oF3dClKqFIPUKybUyqoQ==",
      "license": "MIT"
    },
    "node_modules/requires-port": {
      "version": "1.0.0",
      "resolved": "https://registry.npmjs.org/requires-port/-/requires-port-1.0.0.tgz",
      "integrity": "sha512-KigOCHcocU3XODJxsu8i/j8T9tzT4adHiecwORRQ0ZZFcp7ahwXuRU1m+yuO90C5ZUyGeGfocHDI14M3L3yDAQ==",
      "license": "MIT"
    },
    "node_modules/sax": {
      "version": "1.4.1",
      "resolved": "https://registry.npmjs.org/sax/-/sax-1.4.1.tgz",
      "integrity": "sha512-+aWOz7yVScEGoKNd4PA10LZ8sk0A/z5+nXQG5giUO5rprX9jgYsTdov9qCchZiPIZezbZH+jRut8nPodFAX4Jg==",
      "license": "ISC"
    },
    "node_modules/simple-youtube-api": {
      "version": "5.2.1",
      "resolved": "https://registry.npmjs.org/simple-youtube-api/-/simple-youtube-api-5.2.1.tgz",
      "integrity": "sha512-vmndP9Bkh35tifn2OwY+th2imSsfYtmDqczgdOW5yEARFzvSoR8VSQFsivJnctfV5QHQUL6VrOpNdbmDRLh9Bg==",
      "dependencies": {
        "iso8601-duration": "^1.2.0",
        "node-fetch": "^2.6.0"
      }
    },
    "node_modules/speaker": {
      "version": "0.5.4",
      "resolved": "https://registry.npmjs.org/speaker/-/speaker-0.5.4.tgz",
      "integrity": "sha512-0I35CJGgqU1rd/a3qVysR5gLlG+8QlzJcPAEnYvT0BLfuLdJ7JNdlQHwbh7ETNcXDXbzm2O148GEAoAER54Dvw==",
      "hasInstallScript": true,
      "dependencies": {
        "bindings": "^1.3.0",
        "buffer-alloc": "^1.1.0",
        "debug": "^4.0.0"
      },
      "engines": {
        "node": ">=8.6"
      }
    },
    "node_modules/strip-ansi": {
      "version": "5.2.0",
      "resolved": "https://registry.npmjs.org/strip-ansi/-/strip-ansi-5.2.0.tgz",
      "integrity": "sha512-DuRs1gKbBqsMKIZlrffwlug8MHkcnpjs5VPmL1PAh+mA30U0DTotfDZ0d2UUsXpPmPmMMJ6W773MaA3J+lbiWA==",
      "dependencies": {
        "ansi-regex": "^4.1.0"
      },
      "engines": {
        "node": ">=6"
      }
    },
    "node_modules/tough-cookie": {
      "version": "4.1.4",
      "resolved": "https://registry.npmjs.org/tough-cookie/-/tough-cookie-4.1.4.tgz",
      "integrity": "sha512-Loo5UUvLD9ScZ6jh8beX1T6sO1w2/MpCRpEP7V280GKMVUQ0Jzar2U3UJPsrdbziLEMMhu3Ujnq//rhiFuIeag==",
      "license": "BSD-3-Clause",
      "dependencies": {
        "psl": "^1.1.33",
        "punycode": "^2.1.1",
        "universalify": "^0.2.0",
        "url-parse": "^1.5.3"
      },
      "engines": {
        "node": ">=6"
      }
    },
    "node_modules/tr46": {
      "version": "0.0.3",
      "resolved": "https://registry.npmjs.org/tr46/-/tr46-0.0.3.tgz",
      "integrity": "sha512-N3WMsuqV66lT30CrXNbEjx4GEwlow3v6rr4mCcv6prnfwhS01rkgyFdjPNBYd9br7LpXV1+Emh01fHnq2Gdgrw=="
    },
    "node_modules/undici": {
      "version": "6.19.5",
      "resolved": "https://registry.npmjs.org/undici/-/undici-6.19.5.tgz",
      "integrity": "sha512-LryC15SWzqQsREHIOUybavaIHF5IoL0dJ9aWWxL/PgT1KfqAW5225FZpDUFlt9xiDMS2/S7DOKhFWA7RLksWdg==",
      "license": "MIT",
      "engines": {
        "node": ">=18.17"
      }
    },
    "node_modules/universalify": {
      "version": "0.2.0",
      "resolved": "https://registry.npmjs.org/universalify/-/universalify-0.2.0.tgz",
      "integrity": "sha512-CJ1QgKmNg3CwvAv/kOFmtnEN05f0D/cn9QntgNOQlQF9dgvVTHj3t+8JPdjqawCHk7V/KA+fbUqzZ9XWhcqPUg==",
      "license": "MIT",
      "engines": {
        "node": ">= 4.0.0"
      }
    },
    "node_modules/url-parse": {
      "version": "1.5.10",
      "resolved": "https://registry.npmjs.org/url-parse/-/url-parse-1.5.10.tgz",
      "integrity": "sha512-WypcfiRhfeUP9vvF0j6rw0J3hrWrw6iZv3+22h6iRMJ/8z1Tj6XfLP4DsUix5MhMPnXpiHDoKyoZ/bdCkwBCiQ==",
      "license": "MIT",
      "dependencies": {
        "querystringify": "^2.1.1",
        "requires-port": "^1.0.0"
      }
    },
    "node_modules/webidl-conversions": {
      "version": "3.0.1",
      "resolved": "https://registry.npmjs.org/webidl-conversions/-/webidl-conversions-3.0.1.tgz",
      "integrity": "sha512-2JAn3z8AR6rjK8Sm8orRC0h/bcl/DqL7tRPdGZ4I1CjdF+EaMLmYxBHyXuKL849eucPFhvBoxMsflfOb8kxaeQ=="
    },
    "node_modules/whatwg-url": {
      "version": "5.0.0",
      "resolved": "https://registry.npmjs.org/whatwg-url/-/whatwg-url-5.0.0.tgz",
      "integrity": "sha512-saE57nupxk6v3HY35+jzBwYa0rKSy0XR8JSxZPwgLr7ys0IBzhGviA1/TUGJLmSVqs8pb9AnvICXEuOHLprYTw==",
      "dependencies": {
        "tr46": "~0.0.3",
        "webidl-conversions": "^3.0.0"
      }
    },
    "node_modules/which": {
      "version": "1.3.1",
      "resolved": "https://registry.npmjs.org/which/-/which-1.3.1.tgz",
      "integrity": "sha512-HxJdYWq1MTIQbJ3nw0cqssHoTNU267KlrDuGZ1WYlxDStUtKUhOaJmh112/TZmHxxUfuJqPXSOm7tDyas0OSIQ==",
      "dependencies": {
        "isexe": "^2.0.0"
      },
      "bin": {
        "which": "bin/which"
      }
    },
    "node_modules/youtube-ext": {
      "version": "1.1.25",
      "resolved": "https://registry.npmjs.org/youtube-ext/-/youtube-ext-1.1.25.tgz",
      "integrity": "sha512-/TV40aXAQv7hKdwOPOjPKD02kJbfkuwu8IFj9F5OLAetM6NiJ0Sk/sh2IsoL236R1UZgGI9sjcLvKhecYSW5tA==",
      "license": "MIT",
      "dependencies": {
        "undici": "^6.15.0"
      }
    },
    "node_modules/ytpl": {
      "version": "2.3.0",
      "resolved": "https://registry.npmjs.org/ytpl/-/ytpl-2.3.0.tgz",
      "integrity": "sha512-Cfw2rxq3PFK6qgWr2Z8gsRefVahEzbn9XEuiJldqdXHE6GhO7kTfEvbZKdfXing1SmgW635uJ/UL2g8r0fvu2Q==",
      "dependencies": {
        "miniget": "^4.2.2"
      },
      "engines": {
        "node": ">=8"
      }
    }
  },
  "dependencies": {
    "@distube/ytdl-core": {
      "version": "4.13.7",
      "resolved": "https://registry.npmjs.org/@distube/ytdl-core/-/ytdl-core-4.13.7.tgz",
      "integrity": "sha512-xpovwZVPwQ0R4Mrwt/fhh1rqmBjiZ5qj30ck5kz+mQJ5XPzW9dUiTDz89qCxO3YvgbCAqaC5BNNnWiFC2uCV5Q==",
      "requires": {
        "http-cookie-agent": "^6.0.5",
        "m3u8stream": "^0.8.6",
        "miniget": "^4.2.3",
        "sax": "^1.4.1",
        "tough-cookie": "^4.1.4",
        "undici": "^6.19.2"
      }
    },
    "@rauschma/stringio": {
      "version": "1.4.0",
      "resolved": "https://registry.npmjs.org/@rauschma/stringio/-/stringio-1.4.0.tgz",
      "integrity": "sha512-3uor2f/MXZkmX5RJf8r+OC3WvZVzpSme0yyL0rQDPEnatE02qRcqwEwnsgpgriEck0S/n4vWtUd6tTtrJwk45Q==",
      "requires": {
        "@types/node": "^10.0.3"
      },
      "dependencies": {
        "@types/node": {
          "version": "10.17.60",
          "resolved": "https://registry.npmjs.org/@types/node/-/node-10.17.60.tgz",
          "integrity": "sha512-F0KIgDJfy2nA3zMLmWGKxcH2ZVEtCZXHHdOQs2gSaQ27+lNeEfGxzkIw90aXswATX7AZ33tahPbzy6KAfUreVw=="
        }
      }
    },
    "@types/node": {
      "version": "16.18.41",
      "resolved": "https://registry.npmjs.org/@types/node/-/node-16.18.41.tgz",
      "integrity": "sha512-YZJjn+Aaw0xihnpdImxI22jqGbp0DCgTFKRycygjGx/Y27NnWFJa5FJ7P+MRT3u07dogEeMVh70pWpbIQollTA=="
    },
    "agent-base": {
      "version": "7.1.1",
      "resolved": "https://registry.npmjs.org/agent-base/-/agent-base-7.1.1.tgz",
      "integrity": "sha512-H0TSyFNDMomMNJQBn8wFV5YC/2eJ+VXECwOadZJT554xP6cODZHPX3H9QMQECxvrgiSOP1pHjy1sMWQVYJOUOA==",
      "requires": {
        "debug": "^4.3.4"
      }
    },
    "ansi-regex": {
      "version": "4.1.1",
      "resolved": "https://registry.npmjs.org/ansi-regex/-/ansi-regex-4.1.1.tgz",
      "integrity": "sha512-ILlv4k/3f6vfQ4OoP2AGvirOktlQ98ZEL1k9FaQjxa3L1abBgbuTDAdPOpvbGncC0BTVQrl+OM8xZGK6tWXt7g=="
    },
    "async": {
      "version": "3.2.4",
      "resolved": "https://registry.npmjs.org/async/-/async-3.2.4.tgz",
      "integrity": "sha512-iAB+JbDEGXhyIUavoDl9WP/Jj106Kz9DEn1DPgYw5ruDn0e3Wgi3sKFm55sASdGBNOQB8F59d9qQ7deqrHA8wQ=="
    },
    "bindings": {
      "version": "1.5.0",
      "resolved": "https://registry.npmjs.org/bindings/-/bindings-1.5.0.tgz",
      "integrity": "sha512-p2q/t/mhvuOj/UeLlV6566GD/guowlr0hHxClI0W9m7MWYkL1F0hLo+0Aexs9HSPCtR1SXQ0TD3MMKrXZajbiQ==",
      "requires": {
        "file-uri-to-path": "1.0.0"
      }
    },
    "buffer-alloc": {
      "version": "1.2.0",
      "resolved": "https://registry.npmjs.org/buffer-alloc/-/buffer-alloc-1.2.0.tgz",
      "integrity": "sha512-CFsHQgjtW1UChdXgbyJGtnm+O/uLQeZdtbDo8mfUgYXCHSM1wgrVxXm6bSyrUuErEb+4sYVGCzASBRot7zyrow==",
      "requires": {
        "buffer-alloc-unsafe": "^1.1.0",
        "buffer-fill": "^1.0.0"
      }
    },
    "buffer-alloc-unsafe": {
      "version": "1.1.0",
      "resolved": "https://registry.npmjs.org/buffer-alloc-unsafe/-/buffer-alloc-unsafe-1.1.0.tgz",
      "integrity": "sha512-TEM2iMIEQdJ2yjPJoSIsldnleVaAk1oW3DBVUykyOLsEsFmEc9kn+SFFPz+gl54KQNxlDnAwCXosOS9Okx2xAg=="
    },
    "buffer-fill": {
      "version": "1.0.0",
      "resolved": "https://registry.npmjs.org/buffer-fill/-/buffer-fill-1.0.0.tgz",
      "integrity": "sha512-T7zexNBwiiaCOGDg9xNX9PBmjrubblRkENuptryuI64URkXDFum9il/JGL8Lm8wYfAXpredVXXZz7eMHilimiQ=="
    },
    "debug": {
      "version": "4.3.4",
      "resolved": "https://registry.npmjs.org/debug/-/debug-4.3.4.tgz",
      "integrity": "sha512-PRWFHuSU3eDtQJPvnNY7Jcket1j0t5OuOsFzPPzsekD52Zl8qUfFIPEiswXqIvHWGVHOgX+7G/vCNNhehwxfkQ==",
      "requires": {
        "ms": "2.1.2"
      }
    },
    "file-uri-to-path": {
      "version": "1.0.0",
      "resolved": "https://registry.npmjs.org/file-uri-to-path/-/file-uri-to-path-1.0.0.tgz",
      "integrity": "sha512-0Zt+s3L7Vf1biwWZ29aARiVYLx7iMGnEUl9x33fbB/j3jR81u/O2LbqK+Bm1CDSNDKVtJ/YjwY7TUd5SkeLQLw=="
    },
    "fluent-ffmpeg": {
      "version": "2.1.2",
      "resolved": "https://registry.npmjs.org/fluent-ffmpeg/-/fluent-ffmpeg-2.1.2.tgz",
      "integrity": "sha512-IZTB4kq5GK0DPp7sGQ0q/BWurGHffRtQQwVkiqDgeO6wYJLLV5ZhgNOQ65loZxxuPMKZKZcICCUnaGtlxBiR0Q==",
      "requires": {
        "async": ">=0.2.9",
        "which": "^1.1.1"
      }
    },
    "html-entities": {
      "version": "1.4.0",
      "resolved": "https://registry.npmjs.org/html-entities/-/html-entities-1.4.0.tgz",
      "integrity": "sha512-8nxjcBcd8wovbeKx7h3wTji4e6+rhaVuPNpMqwWgnHh+N9ToqsCs6XztWRBPQ+UtzsoMAdKZtUENoVzU/EMtZA=="
    },
    "http-cookie-agent": {
      "version": "6.0.5",
      "resolved": "https://registry.npmjs.org/http-cookie-agent/-/http-cookie-agent-6.0.5.tgz",
      "integrity": "sha512-sfZ8fDgDP3B1YB+teqSnAK1aPgBu8reUUGxSsndP2XnYN6cM29EURXWXZqQQiaRdor3B4QjpkUNfv21syaO4DA==",
      "requires": {
        "agent-base": "^7.1.1"
      }
    },
    "isexe": {
      "version": "2.0.0",
      "resolved": "https://registry.npmjs.org/isexe/-/isexe-2.0.0.tgz",
      "integrity": "sha512-RHxMLp9lnKHGHRng9QFhRCMbYAcVpn69smSGcq3f36xjgVVWThj4qqLbTLlq7Ssj8B+fIQ1EuCEGI2lKsyQeIw=="
    },
    "iso8601-duration": {
      "version": "1.3.0",
      "resolved": "https://registry.npmjs.org/iso8601-duration/-/iso8601-duration-1.3.0.tgz",
      "integrity": "sha512-K4CiUBzo3YeWk76FuET/dQPH03WE04R94feo5TSKQCXpoXQt9E4yx2CnY737QZnSAI3PI4WlKo/zfqizGx52QQ=="
    },
    "m3u8stream": {
      "version": "0.8.6",
      "resolved": "https://registry.npmjs.org/m3u8stream/-/m3u8stream-0.8.6.tgz",
      "integrity": "sha512-LZj8kIVf9KCphiHmH7sbFQTVe4tOemb202fWwvJwR9W5ENW/1hxJN6ksAWGhQgSBSa3jyWhnjKU1Fw1GaOdbyA==",
      "requires": {
        "miniget": "^4.2.2",
        "sax": "^1.2.4"
      }
    },
    "miniget": {
      "version": "4.2.3",
      "resolved": "https://registry.npmjs.org/miniget/-/miniget-4.2.3.tgz",
      "integrity": "sha512-SjbDPDICJ1zT+ZvQwK0hUcRY4wxlhhNpHL9nJOB2MEAXRGagTljsO8MEDzQMTFf0Q8g4QNi8P9lEm/g7e+qgzA=="
    },
    "ms": {
      "version": "2.1.2",
      "resolved": "https://registry.npmjs.org/ms/-/ms-2.1.2.tgz",
      "integrity": "sha512-sGkPx+VjMtmA6MX27oA4FBFELFCZZ4S4XqeGOXCv68tT+jb3vk/RyaKWP0PTKyWtmLSM0b+adUTEvbs1PEaH2w=="
    },
    "node-fetch": {
      "version": "2.6.13",
      "resolved": "https://registry.npmjs.org/node-fetch/-/node-fetch-2.6.13.tgz",
      "integrity": "sha512-StxNAxh15zr77QvvkmveSQ8uCQ4+v5FkvNTj0OESmiHu+VRi/gXArXtkWMElOsOUNLtUEvI4yS+rdtOHZTwlQA==",
      "requires": {
        "whatwg-url": "^5.0.0"
      }
    },
    "node-ts": {
      "version": "5.1.2",
      "resolved": "https://registry.npmjs.org/node-ts/-/node-ts-5.1.2.tgz",
      "integrity": "sha512-ihRzS31ZbknFzXFkF4j9R3HJV1cRPTjyYzeRaEFyXv5DhWKGD+QNTJ+My5WiOc0kozEPjwRBsKh+g92hPyTNnQ==",
      "requires": {
        "@rauschma/stringio": "^1.4.0",
        "@types/node": "^16.4.13"
      }
    },
    "prompt-sync": {
      "version": "4.2.0",
      "resolved": "https://registry.npmjs.org/prompt-sync/-/prompt-sync-4.2.0.tgz",
      "integrity": "sha512-BuEzzc5zptP5LsgV5MZETjDaKSWfchl5U9Luiu8SKp7iZWD5tZalOxvNcZRwv+d2phNFr8xlbxmFNcRKfJOzJw==",
      "requires": {
        "strip-ansi": "^5.0.0"
      }
    },
    "psl": {
      "version": "1.9.0",
      "resolved": "https://registry.npmjs.org/psl/-/psl-1.9.0.tgz",
      "integrity": "sha512-E/ZsdU4HLs/68gYzgGTkMicWTLPdAftJLfJFlLUAAKZGkStNU72sZjT66SnMDVOfOWY/YAoiD7Jxa9iHvngcag=="
    },
    "punycode": {
      "version": "2.3.1",
      "resolved": "https://registry.npmjs.org/punycode/-/punycode-2.3.1.tgz",
      "integrity": "sha512-vYt7UD1U9Wg6138shLtLOvdAu+8DsC/ilFtEVHcH+wydcSpNE20AfSOduf6MkRFahL5FY7X1oU7nKVZFtfq8Fg=="
    },
    "querystringify": {
      "version": "2.2.0",
      "resolved": "https://registry.npmjs.org/querystringify/-/querystringify-2.2.0.tgz",
      "integrity": "sha512-FIqgj2EUvTa7R50u0rGsyTftzjYmv/a3hO345bZNrqabNqjtgiDMgmo4mkUjd+nzU5oF3dClKqFIPUKybUyqoQ=="
    },
    "requires-port": {
      "version": "1.0.0",
      "resolved": "https://registry.npmjs.org/requires-port/-/requires-port-1.0.0.tgz",
      "integrity": "sha512-KigOCHcocU3XODJxsu8i/j8T9tzT4adHiecwORRQ0ZZFcp7ahwXuRU1m+yuO90C5ZUyGeGfocHDI14M3L3yDAQ=="
    },
    "sax": {
      "version": "1.4.1",
      "resolved": "https://registry.npmjs.org/sax/-/sax-1.4.1.tgz",
      "integrity": "sha512-+aWOz7yVScEGoKNd4PA10LZ8sk0A/z5+nXQG5giUO5rprX9jgYsTdov9qCchZiPIZezbZH+jRut8nPodFAX4Jg=="
    },
    "simple-youtube-api": {
      "version": "5.2.1",
      "resolved": "https://registry.npmjs.org/simple-youtube-api/-/simple-youtube-api-5.2.1.tgz",
      "integrity": "sha512-vmndP9Bkh35tifn2OwY+th2imSsfYtmDqczgdOW5yEARFzvSoR8VSQFsivJnctfV5QHQUL6VrOpNdbmDRLh9Bg==",
      "requires": {
        "iso8601-duration": "^1.2.0",
        "node-fetch": "^2.6.0"
      }
    },
    "speaker": {
      "version": "0.5.4",
      "resolved": "https://registry.npmjs.org/speaker/-/speaker-0.5.4.tgz",
      "integrity": "sha512-0I35CJGgqU1rd/a3qVysR5gLlG+8QlzJcPAEnYvT0BLfuLdJ7JNdlQHwbh7ETNcXDXbzm2O148GEAoAER54Dvw==",
      "requires": {
        "bindings": "^1.3.0",
        "buffer-alloc": "^1.1.0",
        "debug": "^4.0.0"
      }
    },
    "strip-ansi": {
      "version": "5.2.0",
      "resolved": "https://registry.npmjs.org/strip-ansi/-/strip-ansi-5.2.0.tgz",
      "integrity": "sha512-DuRs1gKbBqsMKIZlrffwlug8MHkcnpjs5VPmL1PAh+mA30U0DTotfDZ0d2UUsXpPmPmMMJ6W773MaA3J+lbiWA==",
      "requires": {
        "ansi-regex": "^4.1.0"
      }
    },
    "tough-cookie": {
      "version": "4.1.4",
      "resolved": "https://registry.npmjs.org/tough-cookie/-/tough-cookie-4.1.4.tgz",
      "integrity": "sha512-Loo5UUvLD9ScZ6jh8beX1T6sO1w2/MpCRpEP7V280GKMVUQ0Jzar2U3UJPsrdbziLEMMhu3Ujnq//rhiFuIeag==",
      "requires": {
        "psl": "^1.1.33",
        "punycode": "^2.1.1",
        "universalify": "^0.2.0",
        "url-parse": "^1.5.3"
      }
    },
    "tr46": {
      "version": "0.0.3",
      "resolved": "https://registry.npmjs.org/tr46/-/tr46-0.0.3.tgz",
      "integrity": "sha512-N3WMsuqV66lT30CrXNbEjx4GEwlow3v6rr4mCcv6prnfwhS01rkgyFdjPNBYd9br7LpXV1+Emh01fHnq2Gdgrw=="
    },
    "undici": {
      "version": "6.19.5",
      "resolved": "https://registry.npmjs.org/undici/-/undici-6.19.5.tgz",
      "integrity": "sha512-LryC15SWzqQsREHIOUybavaIHF5IoL0dJ9aWWxL/PgT1KfqAW5225FZpDUFlt9xiDMS2/S7DOKhFWA7RLksWdg=="
    },
    "universalify": {
      "version": "0.2.0",
      "resolved": "https://registry.npmjs.org/universalify/-/universalify-0.2.0.tgz",
      "integrity": "sha512-CJ1QgKmNg3CwvAv/kOFmtnEN05f0D/cn9QntgNOQlQF9dgvVTHj3t+8JPdjqawCHk7V/KA+fbUqzZ9XWhcqPUg=="
    },
    "url-parse": {
      "version": "1.5.10",
      "resolved": "https://registry.npmjs.org/url-parse/-/url-parse-1.5.10.tgz",
      "integrity": "sha512-WypcfiRhfeUP9vvF0j6rw0J3hrWrw6iZv3+22h6iRMJ/8z1Tj6XfLP4DsUix5MhMPnXpiHDoKyoZ/bdCkwBCiQ==",
      "requires": {
        "querystringify": "^2.1.1",
        "requires-port": "^1.0.0"
      }
    },
    "webidl-conversions": {
      "version": "3.0.1",
      "resolved": "https://registry.npmjs.org/webidl-conversions/-/webidl-conversions-3.0.1.tgz",
      "integrity": "sha512-2JAn3z8AR6rjK8Sm8orRC0h/bcl/DqL7tRPdGZ4I1CjdF+EaMLmYxBHyXuKL849eucPFhvBoxMsflfOb8kxaeQ=="
    },
    "whatwg-url": {
      "version": "5.0.0",
      "resolved": "https://registry.npmjs.org/whatwg-url/-/whatwg-url-5.0.0.tgz",
      "integrity": "sha512-saE57nupxk6v3HY35+jzBwYa0rKSy0XR8JSxZPwgLr7ys0IBzhGviA1/TUGJLmSVqs8pb9AnvICXEuOHLprYTw==",
      "requires": {
        "tr46": "~0.0.3",
        "webidl-conversions": "^3.0.0"
      }
    },
    "which": {
      "version": "1.3.1",
      "resolved": "https://registry.npmjs.org/which/-/which-1.3.1.tgz",
      "integrity": "sha512-HxJdYWq1MTIQbJ3nw0cqssHoTNU267KlrDuGZ1WYlxDStUtKUhOaJmh112/TZmHxxUfuJqPXSOm7tDyas0OSIQ==",
      "requires": {
        "isexe": "^2.0.0"
      }
    },
    "youtube-ext": {
      "version": "1.1.25",
      "resolved": "https://registry.npmjs.org/youtube-ext/-/youtube-ext-1.1.25.tgz",
      "integrity": "sha512-/TV40aXAQv7hKdwOPOjPKD02kJbfkuwu8IFj9F5OLAetM6NiJ0Sk/sh2IsoL236R1UZgGI9sjcLvKhecYSW5tA==",
      "requires": {
        "undici": "^6.15.0"
      }
    },
    "ytpl": {
      "version": "2.3.0",
      "resolved": "https://registry.npmjs.org/ytpl/-/ytpl-2.3.0.tgz",
      "integrity": "sha512-Cfw2rxq3PFK6qgWr2Z8gsRefVahEzbn9XEuiJldqdXHE6GhO7kTfEvbZKdfXing1SmgW635uJ/UL2g8r0fvu2Q==",
      "requires": {
        "miniget": "^4.2.2"
      }
    }
  }
}
